
Microsoft Visual Studio Solution File, Format Version 12.00
# Visual Studio Version 17
VisualStudioVersion = 17.14.36301.6 d17.14
MinimumVisualStudioVersion = 10.0.40219.1
Project("{FAE04EC0-301F-11D3-BF4B-00C04F79EFBC}") = "HotelwebLisMVC", "HotelwebLisMVC\HotelwebLisMVC.csproj", "{93D7D435-9F17-47C8-B31E-313143A59CDE}"
EndProject
Global
	GlobalSection(SolutionConfigurationPlatforms) = preSolution
		Debug|Any CPU = Debug|Any CPU
		Release|Any CPU = Release|Any CPU
	EndGlobalSection
	GlobalSection(ProjectConfigurationPlatforms) = postSolution
		{93D7D435-9F17-47C8-B31E-313143A59CDE}.Debug|Any CPU.ActiveCfg = Debug|Any CPU
		{93D7D435-9F17-47C8-B31E-313143A59CDE}.Debug|Any CPU.Build.0 = Debug|Any CPU
		{93D7D435-9F17-47C8-B31E-313143A59CDE}.Release|Any CPU.ActiveCfg = Release|Any CPU
		{93D7D435-9F17-47C8-B31E-313143A59CDE}.Release|Any CPU.Build.0 = Release|Any CPU
	EndGlobalSection
	GlobalSection(SolutionProperties) = preSolution
		HideSolutionNode = FALSE
	EndGlobalSection
	GlobalSection(ExtensibilityGlobals) = postSolution
		SolutionGuid = {36B5FDC5-3AA2-4396-9F02-12E948B71E99}
	EndGlobalSection
EndGlobal
